// !$*UTF8*$!
{
	archiveVersion = 1;
	classes = {
	};
	objectVersion = 46;
	objects = {

/* Begin PBXBuildFile section */
		F4D7B4741AC7567F00BCED03 /* AppDelegate.swift in Sources */ = {isa = PBXBuildFile; fileRef = F4D7B4731AC7567F00BCED03 /* AppDelegate.swift */; };
		F4D7B4761AC7567F00BCED03 /* ViewController.swift in Sources */ = {isa = PBXBuildFile; fileRef = F4D7B4751AC7567F00BCED03 /* ViewController.swift */; };
		F4D7B4791AC7567F00BCED03 /* Main.storyboard in Resources */ = {isa = PBXBuildFile; fileRef = F4D7B4771AC7567F00BCED03 /* Main.storyboard */; };
		F4D7B47B1AC7567F00BCED03 /* Images.xcassets in Resources */ = {isa = PBXBuildFile; fileRef = F4D7B47A1AC7567F00BCED03 /* Images.xcassets */; };
		F4D7B47E1AC7567F00BCED03 /* LaunchScreen.xib in Resources */ = {isa = PBXBuildFile; fileRef = F4D7B47C1AC7567F00BCED03 /* LaunchScreen.xib */; };
		F4D7B48A1AC7567F00BCED03 /* tipsTests.swift in Sources */ = {isa = PBXBuildFile; fileRef = F4D7B4891AC7567F00BCED03 /* tipsTests.swift */; };
/* End PBXBuildFile section */

/* Begin PBXContainerItemProxy section */
		F4D7B4841AC7567F00BCED03 /* PBXContainerItemProxy */ = {
			isa = PBXContainerItemProxy;
			containerPortal = F4D7B4661AC7567F00BCED03 /* Project object */;
			proxyType = 1;
			remoteGlobalIDString = F4D7B46D1AC7567F00BCED03;
			remoteInfo = tips;
		};
/* End PBXContainerItemProxy section */

/* Begin PBXFileReference section */
		F4D7B46E1AC7567F00BCED03 /* tips.app */ = {isa = PBXFileReference; explicitFileType = wrapper.application; includeInIndex = 0; path = tips.app; sourceTree = BUILT_PRODUCTS_DIR; };
		F4D7B4721AC7567F00BCED03 /* Info.plist */ = {isa = PBXFileReference; lastKnownFileType = text.plist.xml; path = Info.plist; sourceTree = "<group>"; };
		F4D7B4731AC7567F00BCED03 /* AppDelegate.swift */ = {isa = PBXFileReference; lastKnownFileType = sourcecode.swift; path = AppDelegate.swift; sourceTree = "<group>"; };
		F4D7B4751AC7567F00BCED03 /* ViewController.swift */ = {isa = PBXFileReference; lastKnownFileType = sourcecode.swift; path = ViewController.swift; sourceTree = "<group>"; };
		F4D7B4781AC7567F00BCED03 /* Base */ = {isa = PBXFileReference; lastKnownFileType = file.storyboard; name = Base; path = Base.lproj/Main.storyboard; sourceTree = "<group>"; };
		F4D7B47A1AC7567F00BCED03 /* Images.xcassets */ = {isa = PBXFileReference; lastKnownFileType = folder.assetcatalog; path = Images.xcassets; sourceTree = "<group>"; };
		F4D7B47D1AC7567F00BCED03 /* Base */ = {isa = PBXFileReference; lastKnownFileType = file.xib; name = Base; path = Base.lproj/LaunchScreen.xib; sourceTree = "<group>"; };
		F4D7B4831AC7567F00BCED03 /* tipsTests.xctest */ = {isa = PBXFileReference; explicitFileType = wrapper.cfbundle; includeInIndex = 0; path = tipsTests.xctest; sourceTree = BUILT_PRODUCTS_DIR; };
		F4D7B4881AC7567F00BCED03 /* Info.plist */ = {isa = PBXFileReference; lastKnownFileType = text.plist.xml; path = Info.plist; sourceTree = "<group>"; };
		F4D7B4891AC7567F00BCED03 /* tipsTests.swift */ = {isa = PBXFileReference; lastKnownFileType = sourcecode.swift; path = tipsTests.swift; sourceTree = "<group>"; };
/* End PBXFileReference section */

/* Begin PBXFrameworksBuildPhase section */
		F4D7B46B1AC7567F00BCED03 /* Frameworks */ = {
			isa = PBXFrameworksBuildPhase;
			buildActionMask = 2147483647;
			files = (
			);
			runOnlyForDeploymentPostprocessing = 0;
		};
		F4D7B4801AC7567F00BCED03 /* Frameworks */ = {
			isa = PBXFrameworksBuildPhase;
			buildActionMask = 2147483647;
			files = (
			);
			runOnlyForDeploymentPostprocessing = 0;
		};
/* End PBXFrameworksBuildPhase section */

/* Begin PBXGroup section */
		F4D7B4651AC7567F00BCED03 = {
			isa = PBXGroup;
			children = (
				F4D7B4701AC7567F00BCED03 /* tips */,
				F4D7B4861AC7567F00BCED03 /* tipsTests */,
				F4D7B46F1AC7567F00BCED03 /* Products */,
			);
			sourceTree = "<group>";
		};
		F4D7B46F1AC7567F00BCED03 /* Products */ = {
			isa = PBXGroup;
			children = (
				F4D7B46E1AC7567F00BCED03 /* tips.app */,
				F4D7B4831AC7567F00BCED03 /* tipsTests.xctest */,
			);
			name = Products;
			sourceTree = "<group>";
		};
		F4D7B4701AC7567F00BCED03 /* tips */ = {
			isa = PBXGroup;
			children = (
				F4D7B4731AC7567F00BCED03 /* AppDelegate.swift */,
				F4D7B4751AC7567F00BCED03 /* ViewController.swift */,
				F4D7B4771AC7567F00BCED03 /* Main.storyboard */,
				F4D7B47A1AC7567F00BCED03 /* Images.xcassets */,
				F4D7B47C1AC7567F00BCED03 /* LaunchScreen.xib */,
				F4D7B4711AC7567F00BCED03 /* Supporting Files */,
			);
			path = tips;
			sourceTree = "<group>";
		};
		F4D7B4711AC7567F00BCED03 /* Supporting Files */ = {
			isa = PBXGroup;
			children = (
				F4D7B4721AC7567F00BCED03 /* Info.plist */,
			);
			name = "Supporting Files";
			sourceTree = "<group>";
		};
		F4D7B4861AC7567F00BCED03 /* tipsTests */ = {
			isa = PBXGroup;
			children = (
				F4D7B4891AC7567F00BCED03 /* tipsTests.swift */,
				F4D7B4871AC7567F00BCED03 /* Supporting Files */,
			);
			path = tipsTests;
			sourceTree = "<group>";
		};
		F4D7B4871AC7567F00BCED03 /* Supporting Files */ = {
			isa = PBXGroup;
			children = (
				F4D7B4881AC7567F00BCED03 /* Info.plist */,
			);
			name = "Supporting Files";
			sourceTree = "<group>";
		};
/* End PBXGroup section */

/* Begin PBXNativeTarget section */
		F4D7B46D1AC7567F00BCED03 /* tips */ = {
			isa = PBXNativeTarget;
			buildConfigurationList = F4D7B48D1AC7567F00BCED03 /* Build configuration list for PBXNativeTarget "tips" */;
			buildPhases = (
				F4D7B46A1AC7567F00BCED03 /* Sources */,
				F4D7B46B1AC7567F00BCED03 /* Frameworks */,
				F4D7B46C1AC7567F00BCED03 /* Resources */,
			);
			buildRules = (
			);
			dependencies = (
			);
			name = tips;
			productName = tips;
			productReference = F4D7B46E1AC7567F00BCED03 /* tips.app */;
			productType = "com.apple.product-type.application";
		};
		F4D7B4821AC7567F00BCED03 /* tipsTests */ = {
			isa = PBXNativeTarget;
			buildConfigurationList = F4D7B4901AC7567F00BCED03 /* Build configuration list for PBXNativeTarget "tipsTests" */;
			buildPhases = (
				F4D7B47F1AC7567F00BCED03 /* Sources */,
				F4D7B4801AC7567F00BCED03 /* Frameworks */,
				F4D7B4811AC7567F00BCED03 /* Resources */,
			);
			buildRules = (
			);
			dependencies = (
				F4D7B4851AC7567F00BCED03 /* PBXTargetDependency */,
			);
			name = tipsTests;
			productName = tipsTests;
			productReference = F4D7B4831AC7567F00BCED03 /* tipsTests.xctest */;
			productType = "com.apple.product-type.bundle.unit-test";
		};
/* End PBXNativeTarget section */

/* Begin PBXProject section */
		F4D7B4661AC7567F00BCED03 /* Project object */ = {
			isa = PBXProject;
			attributes = {
				LastUpgradeCheck = 0610;
				ORGANIZATIONNAME = codepath;
				TargetAttributes = {
					F4D7B46D1AC7567F00BCED03 = {
						CreatedOnToolsVersion = 6.1.1;
					};
					F4D7B4821AC7567F00BCED03 = {
						CreatedOnToolsVersion = 6.1.1;
						TestTargetID = F4D7B46D1AC7567F00BCED03;
					};
				};
			};
			buildConfigurationList = F4D7B4691AC7567F00BCED03 /* Build configuration list for PBXProject "tips" */;
			compatibilityVersion = "Xcode 3.2";
			developmentRegion = English;
			hasScannedForEncodings = 0;
			knownRegions = (
				en,
				Base,
			);
			mainGroup = F4D7B4651AC7567F00BCED03;
			productRefGroup = F4D7B46F1AC7567F00BCED03 /* Products */;
			projectDirPath = "";
			projectRoot = "";
			targets = (
				F4D7B46D1AC7567F00BCED03 /* tips */,
				F4D7B4821AC7567F00BCED03 /* tipsTests */,
			);
		};
/* End PBXProject section */

/* Begin PBXResourcesBuildPhase section */
		F4D7B46C1AC7567F00BCED03 /* Resources */ = {
			isa = PBXResourcesBuildPhase;
			buildActionMask = 2147483647;
			files = (
				F4D7B4791AC7567F00BCED03 /* Main.storyboard in Resources */,
				F4D7B47E1AC7567F00BCED03 /* LaunchScreen.xib in Resources */,
				F4D7B47B1AC7567F00BCED03 /* Images.xcassets in Resources */,
			);
			runOnlyForDeploymentPostprocessing = 0;
		};
		F4D7B4811AC7567F00BCED03 /* Resources */ = {
			isa = PBXResourcesBuildPhase;
			buildActionMask = 2147483647;
			files = (
			);
			runOnlyForDeploymentPostprocessing = 0;
		};
/* End PBXResourcesBuildPhase section */

/* Begin PBXSourcesBuildPhase section */
		F4D7B46A1AC7567F00BCED03 /* Sources */ = {
			isa = PBXSourcesBuildPhase;
			buildActionMask = 2147483647;
			files = (
				F4D7B4761AC7567F00BCED03 /* ViewController.swift in Sources */,
				F4D7B4741AC7567F00BCED03 /* AppDelegate.swift in Sources */,
			);
			runOnlyForDeploymentPostprocessing = 0;
		};
		F4D7B47F1AC7567F00BCED03 /* Sources */ = {
			isa = PBXSourcesBuildPhase;
			buildActionMask = 2147483647;
			files = (
				F4D7B48A1AC7567F00BCED03 /* tipsTests.swift in Sources */,
			);
			runOnlyForDeploymentPostprocessing = 0;
		};
/* End PBXSourcesBuildPhase section */

/* Begin PBXTargetDependency section */
		F4D7B4851AC7567F00BCED03 /* PBXTargetDependency */ = {
			isa = PBXTargetDependency;
			target = F4D7B46D1AC7567F00BCED03 /* tips */;
			targetProxy = F4D7B4841AC7567F00BCED03 /* PBXContainerItemProxy */;
		};
/* End PBXTargetDependency section */

/* Begin PBXVariantGroup section */
		F4D7B4771AC7567F00BCED03 /* Main.storyboard */ = {
			isa = PBXVariantGroup;
			children = (
				F4D7B4781AC7567F00BCED03 /* Base */,
			);
			name = Main.storyboard;
			sourceTree = "<group>";
		};
		F4D7B47C1AC7567F00BCED03 /* LaunchScreen.xib */ = {
			isa = PBXVariantGroup;
			children = (
				F4D7B47D1AC7567F00BCED03 /* Base */,
			);
			name = LaunchScreen.xib;
			sourceTree = "<group>";
		};
/* End PBXVariantGroup section */

/* Begin XCBuildConfiguration section */
		F4D7B48B1AC7567F00BCED03 /* Debug */ = {
			isa = XCBuildConfiguration;
			buildSettings = {
				ALWAYS_SEARCH_USER_PATHS = NO;
				CLANG_CXX_LANGUAGE_STANDARD = "gnu++0x";
				CLANG_CXX_LIBRARY = "libc++";
				CLANG_ENABLE_MODULES = YES;
				CLANG_ENABLE_OBJC_ARC = YES;
				CLANG_WARN_BOOL_CONVERSION = YES;
				CLANG_WARN_CONSTANT_CONVERSION = YES;
				CLANG_WARN_DIRECT_OBJC_ISA_USAGE = YES_ERROR;
				CLANG_WARN_EMPTY_BODY = YES;
				CLANG_WARN_ENUM_CONVERSION = YES;
				CLANG_WARN_INT_CONVERSION = YES;
				CLANG_WARN_OBJC_ROOT_CLASS = YES_ERROR;
				CLANG_WARN_UNREACHABLE_CODE = YES;
				CLANG_WARN__DUPLICATE_METHOD_MATCH = YES;
				"CODE_SIGN_IDENTITY[sdk=iphoneos*]" = "iPhone Developer";
				COPY_PHASE_STRIP = NO;
				ENABLE_STRICT_OBJC_MSGSEND = YES;
				GCC_C_LANGUAGE_STANDARD = gnu99;
				GCC_DYNAMIC_NO_PIC = NO;
				GCC_OPTIMIZATION_LEVEL = 0;
				GCC_PREPROCESSOR_DEFINITIONS = (
					"DEBUG=1",
					"$(inherited)",
				);
				GCC_SYMBOLS_PRIVATE_EXTERN = NO;
				GCC_WARN_64_TO_32_BIT_CONVERSION = YES;
				GCC_WARN_ABOUT_RETURN_TYPE = YES_ERROR;
				GCC_WARN_UNDECLARED_SELECTOR = YES;
				GCC_WARN_UNINITIALIZED_AUTOS = YES_AGGRESSIVE;
				GCC_WARN_UNUSED_FUNCTION = YES;
				GCC_WARN_UNUSED_VARIABLE = YES;
				IPHONEOS_DEPLOYMENT_TARGET = 8.1;
				MTL_ENABLE_DEBUG_INFO = YES;
				ONLY_ACTIVE_ARCH = YES;
				SDKROOT = iphoneos;
				SWIFT_OPTIMIZATION_LEVEL = "-Onone";
			};
			name = Debug;
		};
		F4D7B48C1AC7567F00BCED03 /* Release */ = {
			isa = XCBuildConfiguration;
			buildSettings = {
				ALWAYS_SEARCH_USER_PATHS = NO;
				CLANG_CXX_LANGUAGE_STANDARD = "gnu++0x";
				CLANG_CXX_LIBRARY = "libc++";
				CLANG_ENABLE_MODULES = YES;
				CLANG_ENABLE_OBJC_ARC = YES;
				CLANG_WARN_BOOL_CONVERSION = YES;
				CLANG_WARN_CONSTANT_CONVERSION = YES;
				CLANG_WARN_DIRECT_OBJC_ISA_USAGE = YES_ERROR;
				CLANG_WARN_EMPTY_BODY = YES;
				CLANG_WARN_ENUM_CONVERSION = YES;
				CLANG_WARN_INT_CONVERSION = YES;
				CLANG_WARN_OBJC_ROOT_CLASS = YES_ERROR;
				CLANG_WARN_UNREACHABLE_CODE = YES;
				CLANG_WARN__DUPLICATE_METHOD_MATCH = YES;
				"CODE_SIGN_IDENTITY[sdk=iphoneos*]" = "iPhone Developer";
				COPY_PHASE_STRIP = YES;
				ENABLE_NS_ASSERTIONS = NO;
				ENABLE_STRICT_OBJC_MSGSEND = YES;
				GCC_C_LANGUAGE_STANDARD = gnu99;
				GCC_WARN_64_TO_32_BIT_CONVERSION = YES;
				GCC_WARN_ABOUT_RETURN_TYPE = YES_ERROR;
				GCC_WARN_UNDECLARED_SELECTOR = YES;
				GCC_WARN_UNINITIALIZED_AUTOS = YES_AGGRESSIVE;
				GCC_WARN_UNUSED_FUNCTION = YES;
				GCC_WARN_UNUSED_VARIABLE = YES;
				IPHONEOS_DEPLOYMENT_TARGET = 8.1;
				MTL_ENABLE_DEBUG_INFO = NO;
				SDKROOT = iphoneos;
				VALIDATE_PRODUCT = YES;
			};
			name = Release;
		};
		F4D7B48E1AC7567F00BCED03 /* Debug */ = {
			isa = XCBuildConfiguration;
			buildSettings = {
				ASSETCATALOG_COMPILER_APPICON_NAME = AppIcon;
				INFOPLIST_FILE = tips/Info.plist;
				LD_RUNPATH_SEARCH_PATHS = "$(inherited) @executable_path/Frameworks";
				PRODUCT_NAME = "$(TARGET_NAME)";
			};
			name = Debug;
		};
		F4D7B48F1AC7567F00BCED03 /* Release */ = {
			isa = XCBuildConfiguration;
			buildSettings = {
				ASSETCATALOG_COMPILER_APPICON_NAME = AppIcon;
				INFOPLIST_FILE = tips/Info.plist;
				LD_RUNPATH_SEARCH_PATHS = "$(inherited) @executable_path/Frameworks";
				PRODUCT_NAME = "$(TARGET_NAME)";
			};
			name = Release;
		};
		F4D7B4911AC7567F00BCED03 /* Debug */ = {
			isa = XCBuildConfiguration;
			buildSettings = {
				BUNDLE_LOADER = "$(TEST_HOST)";
				FRAMEWORK_SEARCH_PATHS = (
					"$(SDKROOT)/Developer/Library/Frameworks",
					"$(inherited)",
				);
				GCC_PREPROCESSOR_DEFINITIONS = (
					"DEBUG=1",
					"$(inherited)",
				);
				INFOPLIST_FILE = tipsTests/Info.plist;
				LD_RUNPATH_SEARCH_PATHS = "$(inherited) @executable_path/Frameworks @loader_path/Frameworks";
				PRODUCT_NAME = "$(TARGET_NAME)";
				TEST_HOST = "$(BUILT_PRODUCTS_DIR)/tips.app/tips";
			};
			name = Debug;
		};
		F4D7B4921AC7567F00BCED03 /* Release */ = {
			isa = XCBuildConfiguration;
			buildSettings = {
				BUNDLE_LOADER = "$(TEST_HOST)";
				FRAMEWORK_SEARCH_PATHS = (
					"$(SDKROOT)/Developer/Library/Frameworks",
					"$(inherited)",
				);
				INFOPLIST_FILE = tipsTests/Info.plist;
				LD_RUNPATH_SEARCH_PATHS = "$(inherited) @executable_path/Frameworks @loader_path/Frameworks";
				PRODUCT_NAME = "$(TARGET_NAME)";
				TEST_HOST = "$(BUILT_PRODUCTS_DIR)/tips.app/tips";
			};
			name = Release;
		};
/* End XCBuildConfiguration section */

/* Begin XCConfigurationList section */
		F4D7B4691AC7567F00BCED03 /* Build configuration list for PBXProject "tips" */ = {
			isa = XCConfigurationList;
			buildConfigurations = (
				F4D7B48B1AC7567F00BCED03 /* Debug */,
				F4D7B48C1AC7567F00BCED03 /* Release */,
			);
			defaultConfigurationIsVisible = 0;
			defaultConfigurationName = Release;
		};
		F4D7B48D1AC7567F00BCED03 /* Build configuration list for PBXNativeTarget "tips" */ = {
			isa = XCConfigurationList;
			buildConfigurations = (
				F4D7B48E1AC7567F00BCED03 /* Debug */,
				F4D7B48F1AC7567F00BCED03 /* Release */,
			);
			defaultConfigurationIsVisible = 0;
		};
		F4D7B4901AC7567F00BCED03 /* Build configuration list for PBXNativeTarget "tipsTests" */ = {
			isa = XCConfigurationList;
			buildConfigurations = (
				F4D7B4911AC7567F00BCED03 /* Debug */,
				F4D7B4921AC7567F00BCED03 /* Release */,
			);
			defaultConfigurationIsVisible = 0;
		};
/* End XCConfigurationList section */
	};
	rootObject = F4D7B4661AC7567F00BCED03 /* Project object */;
}
